
Microsoft Visual Studio Solution File, Format Version 12.00
# Visual Studio 2012
Project("{FAE04EC0-301F-11D3-BF4B-00C04F79EFBC}") = "pgPerfTest", "pgPerfTest\pgPerfTest.csproj", "{16108E7E-45CB-4609-853A-C4C9EAEAEFB5}"
EndProject
Project("{2150E333-8FDC-42A3-9474-1A3956D46DE8}") = "content", "content", "{30F07210-B4F9-463C-9C0A-6E3DAF5E63F6}"
	ProjectSection(SolutionItems) = preProject
		2013_03_16_LenowoW510_Paralel_Result.txt = 2013_03_16_LenowoW510_Paralel_Result.txt
		testbench.sql = testbench.sql
	EndProjectSection
EndProject
Project("{2150E333-8FDC-42A3-9474-1A3956D46DE8}") = "dependency", "dependency", "{78DC7917-8450-4C57-A299-D9AA3B1C4933}"
	ProjectSection(SolutionItems) = preProject
		dependency\Mono.Security.dll = dependency\Mono.Security.dll
		dependency\Npgsql.dll = dependency\Npgsql.dll
	EndProjectSection
EndProject
Global
	GlobalSection(SolutionConfigurationPlatforms) = preSolution
		Debug|Any CPU = Debug|Any CPU
		Release|Any CPU = Release|Any CPU
	EndGlobalSection
	GlobalSection(ProjectConfigurationPlatforms) = postSolution
		{16108E7E-45CB-4609-853A-C4C9EAEAEFB5}.Debug|Any CPU.ActiveCfg = Debug|Any CPU
		{16108E7E-45CB-4609-853A-C4C9EAEAEFB5}.Debug|Any CPU.Build.0 = Debug|Any CPU
		{16108E7E-45CB-4609-853A-C4C9EAEAEFB5}.Release|Any CPU.ActiveCfg = Release|Any CPU
		{16108E7E-45CB-4609-853A-C4C9EAEAEFB5}.Release|Any CPU.Build.0 = Release|Any CPU
	EndGlobalSection
	GlobalSection(SolutionProperties) = preSolution
		HideSolutionNode = FALSE
	EndGlobalSection
EndGlobal
